
Microsoft Visual Studio Solution File, Format Version 12.00
# Visual Studio Version 17
VisualStudioVersion = 17.7.34202.233
MinimumVisualStudioVersion = 10.0.40219.1
Project("{FAE04EC0-301F-11D3-BF4B-00C04F79EFBC}") = "ProductosCRUD", "ProductosCRUD\ProductosCRUD.csproj", "{FBB3610F-C221-43B6-9340-8B36953440DB}"
EndProject
Global
	GlobalSection(SolutionConfigurationPlatforms) = preSolution
		Debug|Any CPU = Debug|Any CPU
		Release|Any CPU = Release|Any CPU
	EndGlobalSection
	GlobalSection(ProjectConfigurationPlatforms) = postSolution
		{FBB3610F-C221-43B6-9340-8B36953440DB}.Debug|Any CPU.ActiveCfg = Debug|Any CPU
		{FBB3610F-C221-43B6-9340-8B36953440DB}.Debug|Any CPU.Build.0 = Debug|Any CPU
		{FBB3610F-C221-43B6-9340-8B36953440DB}.Release|Any CPU.ActiveCfg = Release|Any CPU
		{FBB3610F-C221-43B6-9340-8B36953440DB}.Release|Any CPU.Build.0 = Release|Any CPU
	EndGlobalSection
	GlobalSection(SolutionProperties) = preSolution
		HideSolutionNode = FALSE
	EndGlobalSection
	GlobalSection(ExtensibilityGlobals) = postSolution
		SolutionGuid = {AE257343-6E4A-4339-A419-0DE6C9FD0045}
	EndGlobalSection
EndGlobal
